
Microsoft Visual Studio Solution File, Format Version 12.00
# Visual Studio Version 17
VisualStudioVersion = 17.8.34330.188
MinimumVisualStudioVersion = 10.0.40219.1
Project("{FAE04EC0-301F-11D3-BF4B-00C04F79EFBC}") = "CSharpTubeDownloader", "CSharpTubeDownloader.csproj", "{FF47C388-0B79-4454-9ABE-374FD83CF551}"
EndProject
Global
	GlobalSection(SolutionConfigurationPlatforms) = preSolution
		Debug|Any CPU = Debug|Any CPU
		Release|Any CPU = Release|Any CPU
	EndGlobalSection
	GlobalSection(ProjectConfigurationPlatforms) = postSolution
		{FF47C388-0B79-4454-9ABE-374FD83CF551}.Debug|Any CPU.ActiveCfg = Debug|Any CPU
		{FF47C388-0B79-4454-9ABE-374FD83CF551}.Debug|Any CPU.Build.0 = Debug|Any CPU
		{FF47C388-0B79-4454-9ABE-374FD83CF551}.Release|Any CPU.ActiveCfg = Release|Any CPU
		{FF47C388-0B79-4454-9ABE-374FD83CF551}.Release|Any CPU.Build.0 = Release|Any CPU
	EndGlobalSection
	GlobalSection(SolutionProperties) = preSolution
		HideSolutionNode = FALSE
	EndGlobalSection
	GlobalSection(ExtensibilityGlobals) = postSolution
		SolutionGuid = {AB3F993D-E7B9-4FDB-B2FD-40565E837939}
	EndGlobalSection
EndGlobal
